
Microsoft Visual Studio Solution File, Format Version 12.00
# Visual Studio 2013
VisualStudioVersion = 12.0.30501.0
MinimumVisualStudioVersion = 10.0.40219.1
Project("{F2A71F9B-5D33-465A-A702-920D77279786}") = "HiTop.VM.Runner", "HiTop.VM.Runner\HiTop.VM.Runner.fsproj", "{DB6F2E32-4C5D-467A-85E7-47C583C46009}"
EndProject
Project("{F2A71F9B-5D33-465A-A702-920D77279786}") = "HiTop.VM", "HiTop.VM\HiTop.VM.fsproj", "{8004B76D-8F96-4A3D-96B8-2527C7CC3C40}"
EndProject
Project("{F2A71F9B-5D33-465A-A702-920D77279786}") = "HiTop.VM.Tests", "HiTop.VM.Tests\HiTop.VM.Tests.fsproj", "{8C0EACBF-E58A-4306-AB69-2DAFA4202657}"
EndProject
Project("{F2A71F9B-5D33-465A-A702-920D77279786}") = "HiTop.GeneticAlgorithm", "HiTop.GeneticAlgorithm\HiTop.GeneticAlgorithm.fsproj", "{29604028-16DC-42D2-8113-BC37E19EAF72}"
EndProject
Project("{F2A71F9B-5D33-465A-A702-920D77279786}") = "HiTop.GeneticAlgorithm.Runner", "HiTop.GeneticAlgorithm.Runner\HiTop.GeneticAlgorithm.Runner.fsproj", "{26540643-1456-478B-8EF7-0DEB1336BADB}"
EndProject
Project("{F2A71F9B-5D33-465A-A702-920D77279786}") = "HiTop.Serialization", "HiTop.Serialization\HiTop.Serialization.fsproj", "{2FAB548C-61C5-4CC7-AEC0-18BE82BC0144}"
EndProject
Project("{F2A71F9B-5D33-465A-A702-920D77279786}") = "HiTop.Decompression", "HiTop.Decompression\HiTop.Decompression.fsproj", "{429082E8-5E4C-499F-AFD1-97BA5E8917FF}"
EndProject
Project("{F2A71F9B-5D33-465A-A702-920D77279786}") = "HiTop.Decompression.Runner", "HiTop.Decompression.Runner\HiTop.Decompression.Runner.fsproj", "{CE13CE44-E635-4DC7-A3A3-2EEC9CF1C058}"
EndProject
Project("{8BC9CEB8-8B4A-11D0-8D11-00A0C91BC942}") = "HiTop.GeneticAlgorithm.Cuda", "HiTop.GeneticAlgorithm.Cuda\HiTop.GeneticAlgorithm.Cuda.vcxproj", "{213D32F5-DAEF-463F-A8EF-710EB8D55E52}"
EndProject
Global
	GlobalSection(SolutionConfigurationPlatforms) = preSolution
		Debug|Any CPU = Debug|Any CPU
		Debug|Mixed Platforms = Debug|Mixed Platforms
		Debug|Win32 = Debug|Win32
		Debug|x64 = Debug|x64
		Release|Any CPU = Release|Any CPU
		Release|Mixed Platforms = Release|Mixed Platforms
		Release|Win32 = Release|Win32
		Release|x64 = Release|x64
	EndGlobalSection
	GlobalSection(ProjectConfigurationPlatforms) = postSolution
		{DB6F2E32-4C5D-467A-85E7-47C583C46009}.Debug|Any CPU.ActiveCfg = Debug|Any CPU
		{DB6F2E32-4C5D-467A-85E7-47C583C46009}.Debug|Any CPU.Build.0 = Debug|Any CPU
		{DB6F2E32-4C5D-467A-85E7-47C583C46009}.Debug|Mixed Platforms.ActiveCfg = Debug|Any CPU
		{DB6F2E32-4C5D-467A-85E7-47C583C46009}.Debug|Mixed Platforms.Build.0 = Debug|Any CPU
		{DB6F2E32-4C5D-467A-85E7-47C583C46009}.Debug|Win32.ActiveCfg = Debug|Any CPU
		{DB6F2E32-4C5D-467A-85E7-47C583C46009}.Debug|x64.ActiveCfg = Debug|Any CPU
		{DB6F2E32-4C5D-467A-85E7-47C583C46009}.Release|Any CPU.ActiveCfg = Release|Any CPU
		{DB6F2E32-4C5D-467A-85E7-47C583C46009}.Release|Any CPU.Build.0 = Release|Any CPU
		{DB6F2E32-4C5D-467A-85E7-47C583C46009}.Release|Mixed Platforms.ActiveCfg = Release|Any CPU
		{DB6F2E32-4C5D-467A-85E7-47C583C46009}.Release|Mixed Platforms.Build.0 = Release|Any CPU
		{DB6F2E32-4C5D-467A-85E7-47C583C46009}.Release|Win32.ActiveCfg = Release|Any CPU
		{DB6F2E32-4C5D-467A-85E7-47C583C46009}.Release|x64.ActiveCfg = Release|Any CPU
		{8004B76D-8F96-4A3D-96B8-2527C7CC3C40}.Debug|Any CPU.ActiveCfg = Debug|Any CPU
		{8004B76D-8F96-4A3D-96B8-2527C7CC3C40}.Debug|Any CPU.Build.0 = Debug|Any CPU
		{8004B76D-8F96-4A3D-96B8-2527C7CC3C40}.Debug|Mixed Platforms.ActiveCfg = Debug|Any CPU
		{8004B76D-8F96-4A3D-96B8-2527C7CC3C40}.Debug|Mixed Platforms.Build.0 = Debug|Any CPU
		{8004B76D-8F96-4A3D-96B8-2527C7CC3C40}.Debug|Win32.ActiveCfg = Debug|Any CPU
		{8004B76D-8F96-4A3D-96B8-2527C7CC3C40}.Debug|x64.ActiveCfg = Debug|Any CPU
		{8004B76D-8F96-4A3D-96B8-2527C7CC3C40}.Release|Any CPU.ActiveCfg = Release|Any CPU
		{8004B76D-8F96-4A3D-96B8-2527C7CC3C40}.Release|Any CPU.Build.0 = Release|Any CPU
		{8004B76D-8F96-4A3D-96B8-2527C7CC3C40}.Release|Mixed Platforms.ActiveCfg = Release|Any CPU
		{8004B76D-8F96-4A3D-96B8-2527C7CC3C40}.Release|Mixed Platforms.Build.0 = Release|Any CPU
		{8004B76D-8F96-4A3D-96B8-2527C7CC3C40}.Release|Win32.ActiveCfg = Release|Any CPU
		{8004B76D-8F96-4A3D-96B8-2527C7CC3C40}.Release|x64.ActiveCfg = Release|Any CPU
		{8C0EACBF-E58A-4306-AB69-2DAFA4202657}.Debug|Any CPU.ActiveCfg = Debug|Any CPU
		{8C0EACBF-E58A-4306-AB69-2DAFA4202657}.Debug|Any CPU.Build.0 = Debug|Any CPU
		{8C0EACBF-E58A-4306-AB69-2DAFA4202657}.Debug|Mixed Platforms.ActiveCfg = Debug|Any CPU
		{8C0EACBF-E58A-4306-AB69-2DAFA4202657}.Debug|Mixed Platforms.Build.0 = Debug|Any CPU
		{8C0EACBF-E58A-4306-AB69-2DAFA4202657}.Debug|Win32.ActiveCfg = Debug|Any CPU
		{8C0EACBF-E58A-4306-AB69-2DAFA4202657}.Debug|x64.ActiveCfg = Debug|Any CPU
		{8C0EACBF-E58A-4306-AB69-2DAFA4202657}.Release|Any CPU.ActiveCfg = Release|Any CPU
		{8C0EACBF-E58A-4306-AB69-2DAFA4202657}.Release|Any CPU.Build.0 = Release|Any CPU
		{8C0EACBF-E58A-4306-AB69-2DAFA4202657}.Release|Mixed Platforms.ActiveCfg = Release|Any CPU
		{8C0EACBF-E58A-4306-AB69-2DAFA4202657}.Release|Mixed Platforms.Build.0 = Release|Any CPU
		{8C0EACBF-E58A-4306-AB69-2DAFA4202657}.Release|Win32.ActiveCfg = Release|Any CPU
		{8C0EACBF-E58A-4306-AB69-2DAFA4202657}.Release|x64.ActiveCfg = Release|Any CPU
		{29604028-16DC-42D2-8113-BC37E19EAF72}.Debug|Any CPU.ActiveCfg = Debug|Any CPU
		{29604028-16DC-42D2-8113-BC37E19EAF72}.Debug|Any CPU.Build.0 = Debug|Any CPU
		{29604028-16DC-42D2-8113-BC37E19EAF72}.Debug|Mixed Platforms.ActiveCfg = Debug|Any CPU
		{29604028-16DC-42D2-8113-BC37E19EAF72}.Debug|Mixed Platforms.Build.0 = Debug|Any CPU
		{29604028-16DC-42D2-8113-BC37E19EAF72}.Debug|Win32.ActiveCfg = Debug|Any CPU
		{29604028-16DC-42D2-8113-BC37E19EAF72}.Debug|x64.ActiveCfg = Debug|Any CPU
		{29604028-16DC-42D2-8113-BC37E19EAF72}.Release|Any CPU.ActiveCfg = Release|Any CPU
		{29604028-16DC-42D2-8113-BC37E19EAF72}.Release|Any CPU.Build.0 = Release|Any CPU
		{29604028-16DC-42D2-8113-BC37E19EAF72}.Release|Mixed Platforms.ActiveCfg = Release|Any CPU
		{29604028-16DC-42D2-8113-BC37E19EAF72}.Release|Mixed Platforms.Build.0 = Release|Any CPU
		{29604028-16DC-42D2-8113-BC37E19EAF72}.Release|Win32.ActiveCfg = Release|Any CPU
		{29604028-16DC-42D2-8113-BC37E19EAF72}.Release|x64.ActiveCfg = Release|Any CPU
		{26540643-1456-478B-8EF7-0DEB1336BADB}.Debug|Any CPU.ActiveCfg = Debug|Any CPU
		{26540643-1456-478B-8EF7-0DEB1336BADB}.Debug|Any CPU.Build.0 = Debug|Any CPU
		{26540643-1456-478B-8EF7-0DEB1336BADB}.Debug|Mixed Platforms.ActiveCfg = Debug|Any CPU
		{26540643-1456-478B-8EF7-0DEB1336BADB}.Debug|Mixed Platforms.Build.0 = Debug|Any CPU
		{26540643-1456-478B-8EF7-0DEB1336BADB}.Debug|Win32.ActiveCfg = Debug|Any CPU
		{26540643-1456-478B-8EF7-0DEB1336BADB}.Debug|x64.ActiveCfg = Debug|Any CPU
		{26540643-1456-478B-8EF7-0DEB1336BADB}.Release|Any CPU.ActiveCfg = Release|Any CPU
		{26540643-1456-478B-8EF7-0DEB1336BADB}.Release|Any CPU.Build.0 = Release|Any CPU
		{26540643-1456-478B-8EF7-0DEB1336BADB}.Release|Mixed Platforms.ActiveCfg = Release|Any CPU
		{26540643-1456-478B-8EF7-0DEB1336BADB}.Release|Mixed Platforms.Build.0 = Release|Any CPU
		{26540643-1456-478B-8EF7-0DEB1336BADB}.Release|Win32.ActiveCfg = Release|Any CPU
		{26540643-1456-478B-8EF7-0DEB1336BADB}.Release|x64.ActiveCfg = Release|Any CPU
		{2FAB548C-61C5-4CC7-AEC0-18BE82BC0144}.Debug|Any CPU.ActiveCfg = Debug|Any CPU
		{2FAB548C-61C5-4CC7-AEC0-18BE82BC0144}.Debug|Any CPU.Build.0 = Debug|Any CPU
		{2FAB548C-61C5-4CC7-AEC0-18BE82BC0144}.Debug|Mixed Platforms.ActiveCfg = Debug|Any CPU
		{2FAB548C-61C5-4CC7-AEC0-18BE82BC0144}.Debug|Mixed Platforms.Build.0 = Debug|Any CPU
		{2FAB548C-61C5-4CC7-AEC0-18BE82BC0144}.Debug|Win32.ActiveCfg = Debug|Any CPU
		{2FAB548C-61C5-4CC7-AEC0-18BE82BC0144}.Debug|x64.ActiveCfg = Debug|Any CPU
		{2FAB548C-61C5-4CC7-AEC0-18BE82BC0144}.Release|Any CPU.ActiveCfg = Release|Any CPU
		{2FAB548C-61C5-4CC7-AEC0-18BE82BC0144}.Release|Any CPU.Build.0 = Release|Any CPU
		{2FAB548C-61C5-4CC7-AEC0-18BE82BC0144}.Release|Mixed Platforms.ActiveCfg = Release|Any CPU
		{2FAB548C-61C5-4CC7-AEC0-18BE82BC0144}.Release|Mixed Platforms.Build.0 = Release|Any CPU
		{2FAB548C-61C5-4CC7-AEC0-18BE82BC0144}.Release|Win32.ActiveCfg = Release|Any CPU
		{2FAB548C-61C5-4CC7-AEC0-18BE82BC0144}.Release|x64.ActiveCfg = Release|Any CPU
		{429082E8-5E4C-499F-AFD1-97BA5E8917FF}.Debug|Any CPU.ActiveCfg = Debug|Any CPU
		{429082E8-5E4C-499F-AFD1-97BA5E8917FF}.Debug|Any CPU.Build.0 = Debug|Any CPU
		{429082E8-5E4C-499F-AFD1-97BA5E8917FF}.Debug|Mixed Platforms.ActiveCfg = Debug|Any CPU
		{429082E8-5E4C-499F-AFD1-97BA5E8917FF}.Debug|Mixed Platforms.Build.0 = Debug|Any CPU
		{429082E8-5E4C-499F-AFD1-97BA5E8917FF}.Debug|Win32.ActiveCfg = Debug|Any CPU
		{429082E8-5E4C-499F-AFD1-97BA5E8917FF}.Debug|x64.ActiveCfg = Debug|Any CPU
		{429082E8-5E4C-499F-AFD1-97BA5E8917FF}.Release|Any CPU.ActiveCfg = Release|Any CPU
		{429082E8-5E4C-499F-AFD1-97BA5E8917FF}.Release|Any CPU.Build.0 = Release|Any CPU
		{429082E8-5E4C-499F-AFD1-97BA5E8917FF}.Release|Mixed Platforms.ActiveCfg = Release|Any CPU
		{429082E8-5E4C-499F-AFD1-97BA5E8917FF}.Release|Mixed Platforms.Build.0 = Release|Any CPU
		{429082E8-5E4C-499F-AFD1-97BA5E8917FF}.Release|Win32.ActiveCfg = Release|Any CPU
		{429082E8-5E4C-499F-AFD1-97BA5E8917FF}.Release|x64.ActiveCfg = Release|Any CPU
		{CE13CE44-E635-4DC7-A3A3-2EEC9CF1C058}.Debug|Any CPU.ActiveCfg = Debug|Any CPU
		{CE13CE44-E635-4DC7-A3A3-2EEC9CF1C058}.Debug|Any CPU.Build.0 = Debug|Any CPU
		{CE13CE44-E635-4DC7-A3A3-2EEC9CF1C058}.Debug|Mixed Platforms.ActiveCfg = Debug|Any CPU
		{CE13CE44-E635-4DC7-A3A3-2EEC9CF1C058}.Debug|Mixed Platforms.Build.0 = Debug|Any CPU
		{CE13CE44-E635-4DC7-A3A3-2EEC9CF1C058}.Debug|Win32.ActiveCfg = Debug|Any CPU
		{CE13CE44-E635-4DC7-A3A3-2EEC9CF1C058}.Debug|x64.ActiveCfg = Debug|Any CPU
		{CE13CE44-E635-4DC7-A3A3-2EEC9CF1C058}.Release|Any CPU.ActiveCfg = Release|Any CPU
		{CE13CE44-E635-4DC7-A3A3-2EEC9CF1C058}.Release|Any CPU.Build.0 = Release|Any CPU
		{CE13CE44-E635-4DC7-A3A3-2EEC9CF1C058}.Release|Mixed Platforms.ActiveCfg = Release|Any CPU
		{CE13CE44-E635-4DC7-A3A3-2EEC9CF1C058}.Release|Mixed Platforms.Build.0 = Release|Any CPU
		{CE13CE44-E635-4DC7-A3A3-2EEC9CF1C058}.Release|Win32.ActiveCfg = Release|Any CPU
		{CE13CE44-E635-4DC7-A3A3-2EEC9CF1C058}.Release|x64.ActiveCfg = Release|Any CPU
		{213D32F5-DAEF-463F-A8EF-710EB8D55E52}.Debug|Any CPU.ActiveCfg = Debug|Win32
		{213D32F5-DAEF-463F-A8EF-710EB8D55E52}.Debug|Mixed Platforms.ActiveCfg = Debug|Win32
		{213D32F5-DAEF-463F-A8EF-710EB8D55E52}.Debug|Mixed Platforms.Build.0 = Debug|Win32
		{213D32F5-DAEF-463F-A8EF-710EB8D55E52}.Debug|Win32.ActiveCfg = Debug|Win32
		{213D32F5-DAEF-463F-A8EF-710EB8D55E52}.Debug|Win32.Build.0 = Debug|Win32
		{213D32F5-DAEF-463F-A8EF-710EB8D55E52}.Debug|x64.ActiveCfg = Debug|x64
		{213D32F5-DAEF-463F-A8EF-710EB8D55E52}.Debug|x64.Build.0 = Debug|x64
		{213D32F5-DAEF-463F-A8EF-710EB8D55E52}.Release|Any CPU.ActiveCfg = Release|Win32
		{213D32F5-DAEF-463F-A8EF-710EB8D55E52}.Release|Mixed Platforms.ActiveCfg = Release|Win32
		{213D32F5-DAEF-463F-A8EF-710EB8D55E52}.Release|Mixed Platforms.Build.0 = Release|Win32
		{213D32F5-DAEF-463F-A8EF-710EB8D55E52}.Release|Win32.ActiveCfg = Release|Win32
		{213D32F5-DAEF-463F-A8EF-710EB8D55E52}.Release|Win32.Build.0 = Release|Win32
		{213D32F5-DAEF-463F-A8EF-710EB8D55E52}.Release|x64.ActiveCfg = Release|x64
		{213D32F5-DAEF-463F-A8EF-710EB8D55E52}.Release|x64.Build.0 = Release|x64
	EndGlobalSection
	GlobalSection(SolutionProperties) = preSolution
		HideSolutionNode = FALSE
	EndGlobalSection
EndGlobal
