<?xml version="1.0" encoding="utf-8"?>
<Project ToolsVersion="4.0" xmlns="http://schemas.microsoft.com/developer/msbuild/2003">
  <ItemGroup>
    <CudaCompile Include="kernel.cu" />
    <CudaCompile Include="hitop\algo\util.cu">
      <Filter>hitop\algo</Filter>
    </CudaCompile>
    <CudaCompile Include="hitop\algo\program_descriptor.cu">
      <Filter>hitop\algo</Filter>
    </CudaCompile>
    <CudaCompile Include="hitop\algo\selection_result.cu">
      <Filter>hitop\algo</Filter>
    </CudaCompile>
    <CudaCompile Include="hitop\algo\selection_method.cu">
      <Filter>hitop\algo</Filter>
    </CudaCompile>
    <CudaCompile Include="hitop\algo\crossover_method.cu">
      <Filter>hitop\algo</Filter>
    </CudaCompile>
    <CudaCompile Include="hitop\algo\program.cu">
      <Filter>hitop\algo</Filter>
    </CudaCompile>
  </ItemGroup>
  <ItemGroup>
    <Filter Include="hitop">
      <UniqueIdentifier>{c2b5f91d-5655-4ca0-947d-54e11db0f177}</UniqueIdentifier>
    </Filter>
    <Filter Include="hitop\algo">
      <UniqueIdentifier>{ffb08674-e08c-42a4-a804-63ad19391d2b}</UniqueIdentifier>
    </Filter>
    <Filter Include="spdlog">
      <UniqueIdentifier>{2dc594b4-4007-4f94-a45d-de488df9272f}</UniqueIdentifier>
    </Filter>
    <Filter Include="spdlog\details">
      <UniqueIdentifier>{816ddb22-28be-41dd-8d7c-f622e9cdb244}</UniqueIdentifier>
    </Filter>
    <Filter Include="spdlog\sinks">
      <UniqueIdentifier>{1621707e-91b4-494f-b7cc-b59a2c3dd9af}</UniqueIdentifier>
    </Filter>
  </ItemGroup>
  <ItemGroup>
    <ClCompile Include="hitop\util.cpp">
      <Filter>hitop</Filter>
    </ClCompile>
  </ItemGroup>
  <ItemGroup>
    <ClInclude Include="hitop\algo.cuh">
      <Filter>hitop</Filter>
    </ClInclude>
    <ClInclude Include="hitop\algo\util.cuh">
      <Filter>hitop\algo</Filter>
    </ClInclude>
    <ClInclude Include="hitop\util.h">
      <Filter>hitop</Filter>
    </ClInclude>
    <ClInclude Include="hitop\algo\program_descriptor.cuh">
      <Filter>hitop\algo</Filter>
    </ClInclude>
    <ClInclude Include="hitop\algo\settings.cuh">
      <Filter>hitop\algo</Filter>
    </ClInclude>
    <ClInclude Include="hitop\algo\selection_result.cuh">
      <Filter>hitop\algo</Filter>
    </ClInclude>
    <ClInclude Include="hitop\algo\selection_method.cuh">
      <Filter>hitop\algo</Filter>
    </ClInclude>
    <ClInclude Include="hitop\algo\crossover_method.cuh">
      <Filter>hitop\algo</Filter>
    </ClInclude>
    <ClInclude Include="hitop\algo\program.cuh">
      <Filter>hitop\algo</Filter>
    </ClInclude>
    <ClInclude Include="thrust_ext.cuh" />
    <ClInclude Include="spdlog\async_logger.h">
      <Filter>spdlog</Filter>
    </ClInclude>
    <ClInclude Include="spdlog\common.h">
      <Filter>spdlog</Filter>
    </ClInclude>
    <ClInclude Include="spdlog\formatter.h">
      <Filter>spdlog</Filter>
    </ClInclude>
    <ClInclude Include="spdlog\logger.h">
      <Filter>spdlog</Filter>
    </ClInclude>
    <ClInclude Include="spdlog\spdlog.h">
      <Filter>spdlog</Filter>
    </ClInclude>
    <ClInclude Include="spdlog\tweakme.h">
      <Filter>spdlog</Filter>
    </ClInclude>
    <ClInclude Include="spdlog\details\async_log_helper.h">
      <Filter>spdlog\details</Filter>
    </ClInclude>
    <ClInclude Include="spdlog\details\async_logger_impl.h">
      <Filter>spdlog\details</Filter>
    </ClInclude>
    <ClInclude Include="spdlog\details\file_helper.h">
      <Filter>spdlog\details</Filter>
    </ClInclude>
    <ClInclude Include="spdlog\details\format.h">
      <Filter>spdlog\details</Filter>
    </ClInclude>
    <ClInclude Include="spdlog\details\line_logger.h">
      <Filter>spdlog\details</Filter>
    </ClInclude>
    <ClInclude Include="spdlog\details\log_msg.h">
      <Filter>spdlog\details</Filter>
    </ClInclude>
    <ClInclude Include="spdlog\details\logger_impl.h">
      <Filter>spdlog\details</Filter>
    </ClInclude>
    <ClInclude Include="spdlog\details\mpmc_bounded_q.h">
      <Filter>spdlog\details</Filter>
    </ClInclude>
    <ClInclude Include="spdlog\details\null_mutex.h">
      <Filter>spdlog\details</Filter>
    </ClInclude>
    <ClInclude Include="spdlog\details\os.h">
      <Filter>spdlog\details</Filter>
    </ClInclude>
    <ClInclude Include="spdlog\details\pattern_formatter_impl.h">
      <Filter>spdlog\details</Filter>
    </ClInclude>
    <ClInclude Include="spdlog\details\registry.h">
      <Filter>spdlog\details</Filter>
    </ClInclude>
    <ClInclude Include="spdlog\details\spdlog_impl.h">
      <Filter>spdlog\details</Filter>
    </ClInclude>
    <ClInclude Include="spdlog\sinks\base_sink.h">
      <Filter>spdlog\sinks</Filter>
    </ClInclude>
    <ClInclude Include="spdlog\sinks\file_sinks.h">
      <Filter>spdlog\sinks</Filter>
    </ClInclude>
    <ClInclude Include="spdlog\sinks\null_sink.h">
      <Filter>spdlog\sinks</Filter>
    </ClInclude>
    <ClInclude Include="spdlog\sinks\ostream_sink.h">
      <Filter>spdlog\sinks</Filter>
    </ClInclude>
    <ClInclude Include="spdlog\sinks\sink.h">
      <Filter>spdlog\sinks</Filter>
    </ClInclude>
    <ClInclude Include="spdlog\sinks\stdout_sinks.h">
      <Filter>spdlog\sinks</Filter>
    </ClInclude>
    <ClInclude Include="spdlog\sinks\syslog_sink.h">
      <Filter>spdlog\sinks</Filter>
    </ClInclude>
  </ItemGroup>
</Project>